
Microsoft Visual Studio Solution File, Format Version 12.00
# Visual Studio 15
Project("{FAE04EC0-301F-11D3-BF4B-00C04F79EFBC}") = "VizTest", "VizTest\VizTest.csproj", "{562F8EB1-43CE-4F39-BB75-A82785D12D9F}"
EndProject
Global
	GlobalSection(SolutionConfigurationPlatforms) = preSolution
		Debug|Any CPU = Debug|Any CPU
		Release|Any CPU = Release|Any CPU
	EndGlobalSection
	GlobalSection(ProjectConfigurationPlatforms) = postSolution
		{562F8EB1-43CE-4F39-BB75-A82785D12D9F}.Debug|Any CPU.ActiveCfg = Debug|Any CPU
		{562F8EB1-43CE-4F39-BB75-A82785D12D9F}.Debug|Any CPU.Build.0 = Debug|Any CPU
		{562F8EB1-43CE-4F39-BB75-A82785D12D9F}.Release|Any CPU.ActiveCfg = Release|Any CPU
		{562F8EB1-43CE-4F39-BB75-A82785D12D9F}.Release|Any CPU.Build.0 = Release|Any CPU
	EndGlobalSection
EndGlobal
